
Microsoft Visual Studio Solution File, Format Version 11.00
# Visual Studio 2010
Project("{FAE04EC0-301F-11D3-BF4B-00C04F79EFBC}") = "CLRProcSampleRunner", "CLRProcSample\CLRProcSampleRunner.csproj", "{EF1BFB41-0860-4D55-8663-CBDD5CF4FDF6}"
EndProject
Project("{FAE04EC0-301F-11D3-BF4B-00C04F79EFBC}") = "MyClrProcExport", "MyClrProcExport\MyClrProcExport.csproj", "{5E6E06CE-93E5-4234-88D2-2F204CD21465}"
EndProject
Project("{2150E333-8FDC-42A3-9474-1A3956D46DE8}") = "SQL Scripts", "SQL Scripts", "{8877204F-5720-4662-896C-CE751EDF6789}"
	ProjectSection(SolutionItems) = preProject
		SqlSyntax-AddAssemblyAndProcs.vsql4 = SqlSyntax-AddAssemblyAndProcs.vsql4
		SqlSyntax-CallCLRProcs.vsql4 = SqlSyntax-CallCLRProcs.vsql4
		SqlSyntax-RemoveAssemblyAndProcs.vsql4 = SqlSyntax-RemoveAssemblyAndProcs.vsql4
	EndProjectSection
EndProject
Project("{2150E333-8FDC-42A3-9474-1A3956D46DE8}") = "Solution Items", "Solution Items", "{C9197271-E4C8-4E1C-BA80-2515D083F599}"
	ProjectSection(SolutionItems) = preProject
		README.txt = README.txt
	EndProjectSection
EndProject
Global
	GlobalSection(SolutionConfigurationPlatforms) = preSolution
		Debug|Any CPU = Debug|Any CPU
		Debug|Mixed Platforms = Debug|Mixed Platforms
		Debug|x86 = Debug|x86
		Release|Any CPU = Release|Any CPU
		Release|Mixed Platforms = Release|Mixed Platforms
		Release|x86 = Release|x86
	EndGlobalSection
	GlobalSection(ProjectConfigurationPlatforms) = postSolution
		{EF1BFB41-0860-4D55-8663-CBDD5CF4FDF6}.Debug|Any CPU.ActiveCfg = Debug|x86
		{EF1BFB41-0860-4D55-8663-CBDD5CF4FDF6}.Debug|Mixed Platforms.ActiveCfg = Debug|x86
		{EF1BFB41-0860-4D55-8663-CBDD5CF4FDF6}.Debug|Mixed Platforms.Build.0 = Debug|x86
		{EF1BFB41-0860-4D55-8663-CBDD5CF4FDF6}.Debug|x86.ActiveCfg = Debug|x86
		{EF1BFB41-0860-4D55-8663-CBDD5CF4FDF6}.Debug|x86.Build.0 = Debug|x86
		{EF1BFB41-0860-4D55-8663-CBDD5CF4FDF6}.Release|Any CPU.ActiveCfg = Release|x86
		{EF1BFB41-0860-4D55-8663-CBDD5CF4FDF6}.Release|Mixed Platforms.ActiveCfg = Release|x86
		{EF1BFB41-0860-4D55-8663-CBDD5CF4FDF6}.Release|Mixed Platforms.Build.0 = Release|x86
		{EF1BFB41-0860-4D55-8663-CBDD5CF4FDF6}.Release|x86.ActiveCfg = Release|x86
		{EF1BFB41-0860-4D55-8663-CBDD5CF4FDF6}.Release|x86.Build.0 = Release|x86
		{5E6E06CE-93E5-4234-88D2-2F204CD21465}.Debug|Any CPU.ActiveCfg = Debug|Any CPU
		{5E6E06CE-93E5-4234-88D2-2F204CD21465}.Debug|Any CPU.Build.0 = Debug|Any CPU
		{5E6E06CE-93E5-4234-88D2-2F204CD21465}.Debug|Mixed Platforms.ActiveCfg = Debug|Any CPU
		{5E6E06CE-93E5-4234-88D2-2F204CD21465}.Debug|Mixed Platforms.Build.0 = Debug|Any CPU
		{5E6E06CE-93E5-4234-88D2-2F204CD21465}.Debug|x86.ActiveCfg = Debug|Any CPU
		{5E6E06CE-93E5-4234-88D2-2F204CD21465}.Release|Any CPU.ActiveCfg = Release|Any CPU
		{5E6E06CE-93E5-4234-88D2-2F204CD21465}.Release|Any CPU.Build.0 = Release|Any CPU
		{5E6E06CE-93E5-4234-88D2-2F204CD21465}.Release|Mixed Platforms.ActiveCfg = Release|Any CPU
		{5E6E06CE-93E5-4234-88D2-2F204CD21465}.Release|Mixed Platforms.Build.0 = Release|Any CPU
		{5E6E06CE-93E5-4234-88D2-2F204CD21465}.Release|x86.ActiveCfg = Release|Any CPU
	EndGlobalSection
	GlobalSection(SolutionProperties) = preSolution
		HideSolutionNode = FALSE
	EndGlobalSection
EndGlobal
